# This file is generated by running "yarn install" inside your project.
# Manual changes might be lost - proceed with caution!

__metadata:
  version: 8
  cacheKey: 10c0

"prettier@npm:3.7.1":
  version: 3.7.1
  resolution: "prettier@npm:3.7.1"
  bin:
    prettier: bin/prettier.cjs
  checksum: 10c0/a6610043ee0a64a3251a948bf82fad3e59d984a8e8dea206400cfa190585417e3343b32c1f6ae7d8f40798a9b4bd91affc08fa7795dd99a9dec5c9bccdf31500
  languageName: node
  linkType: hard

"root-workspace-0b6124@workspace:.":
  version: 0.0.0-use.local
  resolution: "root-workspace-0b6124@workspace:."
  dependencies:
    prettier: "npm:3.7.1"
  dependenciesMeta:
    prettier@3.7.1:
      unplugged: true
  languageName: unknown
  linkType: soft
