# This file is generated by running "yarn install" inside your project.
# Manual changes might be lost - proceed with caution!

__metadata:
  version: 8
  cacheKey: 10c0

"prettier@npm:3.2.2":
  version: 3.2.2
  resolution: "prettier@npm:3.2.2"
  bin:
    prettier: bin/prettier.cjs
  checksum: e84d0d2a4ce2b88ee1636904effbdf68b59da63d9f887128f2ed5382206454185432e7c0a9578bc4308bc25d099cfef47fd0b9c211066777854e23e65e34044d
  languageName: node
  linkType: hard

"root-workspace-0b6124@workspace:.":
  version: 0.0.0-use.local
  resolution: "root-workspace-0b6124@workspace:."
  dependencies:
    prettier: "npm:3.2.2"
  dependenciesMeta:
    prettier@3.2.2:
      unplugged: true
  languageName: unknown
  linkType: soft
