# This file is generated by running "yarn install" inside your project.
# Manual changes might be lost - proceed with caution!

__metadata:
  version: 8
  cacheKey: 10c0

"prettier@npm:3.1.1":
  version: 3.1.1
  resolution: "prettier@npm:3.1.1"
  bin:
    prettier: bin/prettier.cjs
  checksum: facc944ba20e194ff4db765e830ffbcb642803381f0d2033ed397e79904fa4ccc877dc25ad68f42d36985c01d051c990ca1b905fb83d2d7d65fe69e4386fa1a3
  languageName: node
  linkType: hard

"root-workspace-0b6124@workspace:.":
  version: 0.0.0-use.local
  resolution: "root-workspace-0b6124@workspace:."
  dependencies:
    prettier: "npm:3.1.1"
  dependenciesMeta:
    prettier@3.1.1:
      unplugged: true
  languageName: unknown
  linkType: soft
